
Microsoft Visual Studio Solution File, Format Version 12.00
# Visual Studio 15
Project("{FAE04EC0-301F-11D3-BF4B-00C04F79EFBC}") = "Assembly-CSharp", "Assembly-CSharp.csproj", "{FA3821DF-1B66-7A51-AFCC-EE168A4ACCF9}"
EndProject
Project("{FAE04EC0-301F-11D3-BF4B-00C04F79EFBC}") = "Assembly-CSharp-Editor", "Assembly-CSharp-Editor.csproj", "{FFF93D87-D457-ED7A-27BD-C2DBEF30AAA8}"
EndProject
Global
	GlobalSection(SolutionConfigurationPlatforms) = preSolution
		Debug|Any CPU = Debug|Any CPU
		Release|Any CPU = Release|Any CPU
	EndGlobalSection
	GlobalSection(ProjectConfigurationPlatforms) = postSolution
		{FA3821DF-1B66-7A51-AFCC-EE168A4ACCF9}.Debug|Any CPU.ActiveCfg = Debug|Any CPU
		{FA3821DF-1B66-7A51-AFCC-EE168A4ACCF9}.Debug|Any CPU.Build.0 = Debug|Any CPU
		{FA3821DF-1B66-7A51-AFCC-EE168A4ACCF9}.Release|Any CPU.ActiveCfg = Release|Any CPU
		{FA3821DF-1B66-7A51-AFCC-EE168A4ACCF9}.Release|Any CPU.Build.0 = Release|Any CPU
		{FFF93D87-D457-ED7A-27BD-C2DBEF30AAA8}.Debug|Any CPU.ActiveCfg = Debug|Any CPU
		{FFF93D87-D457-ED7A-27BD-C2DBEF30AAA8}.Debug|Any CPU.Build.0 = Debug|Any CPU
		{FFF93D87-D457-ED7A-27BD-C2DBEF30AAA8}.Release|Any CPU.ActiveCfg = Release|Any CPU
		{FFF93D87-D457-ED7A-27BD-C2DBEF30AAA8}.Release|Any CPU.Build.0 = Release|Any CPU
	EndGlobalSection
	GlobalSection(SolutionProperties) = preSolution
		HideSolutionNode = FALSE
	EndGlobalSection
EndGlobal
